
Microsoft Visual Studio Solution File, Format Version 12.00
# Visual Studio Version 16
VisualStudioVersion = 16.0.31129.286
MinimumVisualStudioVersion = 10.0.40219.1
Project("{2150E333-8FDC-42A3-9474-1A3956D46DE8}") = "3 - Domain", "3 - Domain", "{4FEAA027-80C3-43B7-A094-92860D04E0DA}"
EndProject
Project("{2150E333-8FDC-42A3-9474-1A3956D46DE8}") = "4 - Infrastructure", "4 - Infrastructure", "{463AD008-3FB6-4CCF-BC3E-CD9E6475442F}"
EndProject
Project("{2150E333-8FDC-42A3-9474-1A3956D46DE8}") = "1 - Presentation", "1 - Presentation", "{2DC0B75E-CFC0-4714-8BF5-1EFF5E678929}"
EndProject
Project("{9A19103F-16F7-4668-BE54-9A1E7A4F7556}") = "SisOdonto.App", "SisOdonto.App\SisOdonto.App.csproj", "{F3F810BE-C6A5-4477-A72F-7C51A2E72E19}"
EndProject
Project("{9A19103F-16F7-4668-BE54-9A1E7A4F7556}") = "SisOdonto.Domain", "SisOdonto.Domain\SisOdonto.Domain.csproj", "{60409737-210D-41C0-AFFC-856CFBD5E010}"
EndProject
Project("{9A19103F-16F7-4668-BE54-9A1E7A4F7556}") = "SisOdonto.Infrastructure", "SisOdonto.Infrastructure\SisOdonto.Infrastructure.csproj", "{456FC678-6892-4A9C-9B3F-30BF25F1B9C5}"
EndProject
Project("{2150E333-8FDC-42A3-9474-1A3956D46DE8}") = "2 - Application", "2 - Application", "{C90AED0D-1F3D-49AF-81CF-D773D625047C}"
EndProject
Project("{9A19103F-16F7-4668-BE54-9A1E7A4F7556}") = "SisOdonto.Application", "SisOdonto.Application\SisOdonto.Application.csproj", "{4C795C28-B8D9-484D-9B91-499BAC8EAF73}"
EndProject
Project("{FAE04EC0-301F-11D3-BF4B-00C04F79EFBC}") = "SisOdonto.Infrastructure.CrossCutting", "SisOdonto.Infrastructure.CrossCutting.Extensions\SisOdonto.Infrastructure.CrossCutting.csproj", "{9CAE7164-103F-401F-BF11-17383F65012F}"
EndProject
Global
	GlobalSection(SolutionConfigurationPlatforms) = preSolution
		Debug|Any CPU = Debug|Any CPU
		Release|Any CPU = Release|Any CPU
	EndGlobalSection
	GlobalSection(ProjectConfigurationPlatforms) = postSolution
		{F3F810BE-C6A5-4477-A72F-7C51A2E72E19}.Debug|Any CPU.ActiveCfg = Debug|Any CPU
		{F3F810BE-C6A5-4477-A72F-7C51A2E72E19}.Debug|Any CPU.Build.0 = Debug|Any CPU
		{F3F810BE-C6A5-4477-A72F-7C51A2E72E19}.Release|Any CPU.ActiveCfg = Release|Any CPU
		{F3F810BE-C6A5-4477-A72F-7C51A2E72E19}.Release|Any CPU.Build.0 = Release|Any CPU
		{60409737-210D-41C0-AFFC-856CFBD5E010}.Debug|Any CPU.ActiveCfg = Debug|Any CPU
		{60409737-210D-41C0-AFFC-856CFBD5E010}.Debug|Any CPU.Build.0 = Debug|Any CPU
		{60409737-210D-41C0-AFFC-856CFBD5E010}.Release|Any CPU.ActiveCfg = Release|Any CPU
		{60409737-210D-41C0-AFFC-856CFBD5E010}.Release|Any CPU.Build.0 = Release|Any CPU
		{456FC678-6892-4A9C-9B3F-30BF25F1B9C5}.Debug|Any CPU.ActiveCfg = Debug|Any CPU
		{456FC678-6892-4A9C-9B3F-30BF25F1B9C5}.Debug|Any CPU.Build.0 = Debug|Any CPU
		{456FC678-6892-4A9C-9B3F-30BF25F1B9C5}.Release|Any CPU.ActiveCfg = Release|Any CPU
		{456FC678-6892-4A9C-9B3F-30BF25F1B9C5}.Release|Any CPU.Build.0 = Release|Any CPU
		{4C795C28-B8D9-484D-9B91-499BAC8EAF73}.Debug|Any CPU.ActiveCfg = Debug|Any CPU
		{4C795C28-B8D9-484D-9B91-499BAC8EAF73}.Debug|Any CPU.Build.0 = Debug|Any CPU
		{4C795C28-B8D9-484D-9B91-499BAC8EAF73}.Release|Any CPU.ActiveCfg = Release|Any CPU
		{4C795C28-B8D9-484D-9B91-499BAC8EAF73}.Release|Any CPU.Build.0 = Release|Any CPU
		{9CAE7164-103F-401F-BF11-17383F65012F}.Debug|Any CPU.ActiveCfg = Debug|Any CPU
		{9CAE7164-103F-401F-BF11-17383F65012F}.Debug|Any CPU.Build.0 = Debug|Any CPU
		{9CAE7164-103F-401F-BF11-17383F65012F}.Release|Any CPU.ActiveCfg = Release|Any CPU
		{9CAE7164-103F-401F-BF11-17383F65012F}.Release|Any CPU.Build.0 = Release|Any CPU
	EndGlobalSection
	GlobalSection(SolutionProperties) = preSolution
		HideSolutionNode = FALSE
	EndGlobalSection
	GlobalSection(NestedProjects) = preSolution
		{F3F810BE-C6A5-4477-A72F-7C51A2E72E19} = {2DC0B75E-CFC0-4714-8BF5-1EFF5E678929}
		{60409737-210D-41C0-AFFC-856CFBD5E010} = {4FEAA027-80C3-43B7-A094-92860D04E0DA}
		{456FC678-6892-4A9C-9B3F-30BF25F1B9C5} = {463AD008-3FB6-4CCF-BC3E-CD9E6475442F}
		{4C795C28-B8D9-484D-9B91-499BAC8EAF73} = {C90AED0D-1F3D-49AF-81CF-D773D625047C}
		{9CAE7164-103F-401F-BF11-17383F65012F} = {463AD008-3FB6-4CCF-BC3E-CD9E6475442F}
	EndGlobalSection
	GlobalSection(ExtensibilityGlobals) = postSolution
		SolutionGuid = {1852136A-C53E-4F95-9B80-C1F3EC3205EF}
	EndGlobalSection
EndGlobal
